
Microsoft Visual Studio Solution File, Format Version 12.00
# Visual Studio Version 17
VisualStudioVersion = 17.11.35222.181
MinimumVisualStudioVersion = 10.0.40219.1
Project("{FAE04EC0-301F-11D3-BF4B-00C04F79EFBC}") = "Register", "Register\Register.csproj", "{668E7E84-B897-4EB7-A906-3C84FB37EE56}"
EndProject
Global
	GlobalSection(SolutionConfigurationPlatforms) = preSolution
		Debug|Any CPU = Debug|Any CPU
		Release|Any CPU = Release|Any CPU
	EndGlobalSection
	GlobalSection(ProjectConfigurationPlatforms) = postSolution
		{668E7E84-B897-4EB7-A906-3C84FB37EE56}.Debug|Any CPU.ActiveCfg = Debug|Any CPU
		{668E7E84-B897-4EB7-A906-3C84FB37EE56}.Debug|Any CPU.Build.0 = Debug|Any CPU
		{668E7E84-B897-4EB7-A906-3C84FB37EE56}.Release|Any CPU.ActiveCfg = Release|Any CPU
		{668E7E84-B897-4EB7-A906-3C84FB37EE56}.Release|Any CPU.Build.0 = Release|Any CPU
	EndGlobalSection
	GlobalSection(SolutionProperties) = preSolution
		HideSolutionNode = FALSE
	EndGlobalSection
	GlobalSection(ExtensibilityGlobals) = postSolution
		SolutionGuid = {CDEEF1B6-BF65-4E09-A14B-A2313C0C5FC7}
	EndGlobalSection
EndGlobal
